{
  "name": "hng9-stage2-sub",
  "version": "1.0.0",
  "lockfileVersion": 2,
  "requires": true,
  "packages": {
    "": {
      "name": "hng9-stage2-sub",
      "version": "1.0.0",
      "license": "ISC",
      "dependencies": {
        "csv-parse": "^5.3.1",
        "json-2-csv": "^3.17.2"
      }
    },
    "node_modules/csv-parse": {
      "version": "5.3.1",
      "resolved": "https://registry.npmjs.org/csv-parse/-/csv-parse-5.3.1.tgz",
      "integrity": "sha512-R4Hv6eGJNzgcKdThZ6XORbSQ873HVcNke74QIq+LbwpT90LaZ8Xzl7KKiuIP16xq/P7ofzRt0h7S0xm+fVScsw=="
    },
    "node_modules/deeks": {
      "version": "2.5.1",
      "resolved": "https://registry.npmjs.org/deeks/-/deeks-2.5.1.tgz",
      "integrity": "sha512-fqrBeUz7f1UqaXDRzVB5RG2EfPk15HJRrb2pMZj8mLlSTtz4tRPsK5leFOskoHFPuyZ6+7aRM9j657fvXLkJ7Q==",
      "engines": {
        "node": ">= 12"
      }
    },
    "node_modules/doc-path": {
      "version": "3.0.2",
      "resolved": "https://registry.npmjs.org/doc-path/-/doc-path-3.0.2.tgz",
      "integrity": "sha512-VRlA2OKSjTbHWj6wmSanxJ338fE/YN8pqmZ0FIWK5JWkIJMFRc4KmD35JtOrnjvVG0WrzOtDDNHx1lN1tkb+lA==",
      "engines": {
        "node": ">=12"
      }
    },
    "node_modules/json-2-csv": {
      "version": "3.17.2",
      "resolved": "https://registry.npmjs.org/json-2-csv/-/json-2-csv-3.17.2.tgz",
      "integrity": "sha512-Cmds9bIMxhqdYX1dx9AGXE0vLetTj1if0w2rpa2Zykn3f1tiD2535nLgrvJG8BbkCq1++qQwCCzvPjeSl6BCJQ==",
      "dependencies": {
        "deeks": "2.5.1",
        "doc-path": "3.0.2"
      },
      "engines": {
        "node": ">= 12"
      }
    }
  },
  "dependencies": {
    "csv-parse": {
      "version": "5.3.1",
      "resolved": "https://registry.npmjs.org/csv-parse/-/csv-parse-5.3.1.tgz",
      "integrity": "sha512-R4Hv6eGJNzgcKdThZ6XORbSQ873HVcNke74QIq+LbwpT90LaZ8Xzl7KKiuIP16xq/P7ofzRt0h7S0xm+fVScsw=="
    },
    "deeks": {
      "version": "2.5.1",
      "resolved": "https://registry.npmjs.org/deeks/-/deeks-2.5.1.tgz",
      "integrity": "sha512-fqrBeUz7f1UqaXDRzVB5RG2EfPk15HJRrb2pMZj8mLlSTtz4tRPsK5leFOskoHFPuyZ6+7aRM9j657fvXLkJ7Q=="
    },
    "doc-path": {
      "version": "3.0.2",
      "resolved": "https://registry.npmjs.org/doc-path/-/doc-path-3.0.2.tgz",
      "integrity": "sha512-VRlA2OKSjTbHWj6wmSanxJ338fE/YN8pqmZ0FIWK5JWkIJMFRc4KmD35JtOrnjvVG0WrzOtDDNHx1lN1tkb+lA=="
    },
    "json-2-csv": {
      "version": "3.17.2",
      "resolved": "https://registry.npmjs.org/json-2-csv/-/json-2-csv-3.17.2.tgz",
      "integrity": "sha512-Cmds9bIMxhqdYX1dx9AGXE0vLetTj1if0w2rpa2Zykn3f1tiD2535nLgrvJG8BbkCq1++qQwCCzvPjeSl6BCJQ==",
      "requires": {
        "deeks": "2.5.1",
        "doc-path": "3.0.2"
      }
    }
  }
}
